
Microsoft Visual Studio Solution File, Format Version 12.00
# Visual Studio Version 16
VisualStudioVersion = 16.0.31402.337
MinimumVisualStudioVersion = 10.0.40219.1
Project("{FAE04EC0-301F-11D3-BF4B-00C04F79EFBC}") = "MusicBot", "MusicBot.csproj", "{AF68AE02-B019-4AE8-98D6-55A2BB182D0B}"
EndProject
Global
	GlobalSection(SolutionConfigurationPlatforms) = preSolution
		Debug|Any CPU = Debug|Any CPU
		Release|Any CPU = Release|Any CPU
	EndGlobalSection
	GlobalSection(ProjectConfigurationPlatforms) = postSolution
		{AF68AE02-B019-4AE8-98D6-55A2BB182D0B}.Debug|Any CPU.ActiveCfg = Debug|Any CPU
		{AF68AE02-B019-4AE8-98D6-55A2BB182D0B}.Debug|Any CPU.Build.0 = Debug|Any CPU
		{AF68AE02-B019-4AE8-98D6-55A2BB182D0B}.Release|Any CPU.ActiveCfg = Release|Any CPU
		{AF68AE02-B019-4AE8-98D6-55A2BB182D0B}.Release|Any CPU.Build.0 = Release|Any CPU
	EndGlobalSection
	GlobalSection(SolutionProperties) = preSolution
		HideSolutionNode = FALSE
	EndGlobalSection
	GlobalSection(ExtensibilityGlobals) = postSolution
		SolutionGuid = {664BF4F3-2508-47AD-9A65-C6B2B068F211}
	EndGlobalSection
EndGlobal
